dependencies:
- name: truvami-gateway
  repository: file://../truvami-gateway/
  version: 0.0.16
- name: truvami-bridge
  repository: file://../truvami-bridge/
  version: 0.0.1
- name: truvami-api
  repository: file://../truvami-api/
  version: 0.0.4
digest: sha256:fad839f781ea34785963eb2d4cade5ceae4c206cc343a2c44a11c19cd45633bc
generated: "2025-01-11T13:39:34.288499+01:00"
