dependencies:
- name: truvami-gateway
  repository: file://../truvami-gateway/
  version: 0.0.26
- name: truvami-bridge
  repository: file://../truvami-bridge/
  version: 0.1.12
- name: truvami-api
  repository: file://../truvami-api/
  version: 0.0.10
- name: truvami-decoder
  repository: file://../truvami-decoder/
  version: 0.0.7
- name: truvami-dashboard
  repository: file://../truvami-dashboard/
  version: 0.0.9
- name: truvami-monitoring
  repository: file://../truvami-monitoring/
  version: 0.1.12
digest: sha256:c6628878ab2e3bfdaedde1bb3754ab4c1e75066d37c3ef0ed6072474c938b482
generated: "2025-04-25T13:12:29.55492+02:00"
