dependencies:
- name: truvami-gateway
  repository: file://../truvami-gateway/
  version: 0.0.26
- name: truvami-bridge
  repository: file://../truvami-bridge/
  version: 0.1.12
- name: truvami-api
  repository: file://../truvami-api/
  version: 0.0.11
- name: truvami-decoder
  repository: file://../truvami-decoder/
  version: 0.0.7
- name: truvami-dashboard
  repository: file://../truvami-dashboard/
  version: 0.0.9
- name: truvami-monitoring
  repository: file://../truvami-monitoring/
  version: 0.1.17
digest: sha256:7d112effab0ad18ea2e54023b75c850fa8e66f0144d17722a351cfa71d3f82b3
generated: "2025-04-30T17:15:06.559219+02:00"
